// !$*UTF8*$!
{
	archiveVersion = 1;
	classes = {
	};
	objectVersion = 46;
	objects = {

/* Begin PBXBuildFile section */
		58AF498B1E3FFD1000A6AADC /* AppDelegate.swift in Sources */ = {isa = PBXBuildFile; fileRef = 58AF498A1E3FFD1000A6AADC /* AppDelegate.swift */; };
		58AF498D1E3FFD1000A6AADC /* ViewController.swift in Sources */ = {isa = PBXBuildFile; fileRef = 58AF498C1E3FFD1000A6AADC /* ViewController.swift */; };
		58AF49901E3FFD1000A6AADC /* Main.storyboard in Resources */ = {isa = PBXBuildFile; fileRef = 58AF498E1E3FFD1000A6AADC /* Main.storyboard */; };
		58AF49921E3FFD1000A6AADC /* Assets.xcassets in Resources */ = {isa = PBXBuildFile; fileRef = 58AF49911E3FFD1000A6AADC /* Assets.xcassets */; };
		58AF49951E3FFD1000A6AADC /* LaunchScreen.storyboard in Resources */ = {isa = PBXBuildFile; fileRef = 58AF49931E3FFD1000A6AADC /* LaunchScreen.storyboard */; };
		58AF499F1E3FFD8700A6AADC /* 1.jpg in Resources */ = {isa = PBXBuildFile; fileRef = 58AF499C1E3FFD8700A6AADC /* 1.jpg */; };
		58AF49A01E3FFD8700A6AADC /* 2.jpg in Resources */ = {isa = PBXBuildFile; fileRef = 58AF499D1E3FFD8700A6AADC /* 2.jpg */; };
		58AF49A11E3FFD8700A6AADC /* 3.png in Resources */ = {isa = PBXBuildFile; fileRef = 58AF499E1E3FFD8700A6AADC /* 3.png */; };
/* End PBXBuildFile section */

/* Begin PBXFileReference section */
		58AF49871E3FFD1000A6AADC /* 01_imageViewProgrammatically.app */ = {isa = PBXFileReference; explicitFileType = wrapper.application; includeInIndex = 0; path = 01_imageViewProgrammatically.app; sourceTree = BUILT_PRODUCTS_DIR; };
		58AF498A1E3FFD1000A6AADC /* AppDelegate.swift */ = {isa = PBXFileReference; lastKnownFileType = sourcecode.swift; path = AppDelegate.swift; sourceTree = "<group>"; };
		58AF498C1E3FFD1000A6AADC /* ViewController.swift */ = {isa = PBXFileReference; lastKnownFileType = sourcecode.swift; path = ViewController.swift; sourceTree = "<group>"; };
		58AF498F1E3FFD1000A6AADC /* Base */ = {isa = PBXFileReference; lastKnownFileType = file.storyboard; name = Base; path = Base.lproj/Main.storyboard; sourceTree = "<group>"; };
		58AF49911E3FFD1000A6AADC /* Assets.xcassets */ = {isa = PBXFileReference; lastKnownFileType = folder.assetcatalog; path = Assets.xcassets; sourceTree = "<group>"; };
		58AF49941E3FFD1000A6AADC /* Base */ = {isa = PBXFileReference; lastKnownFileType = file.storyboard; name = Base; path = Base.lproj/LaunchScreen.storyboard; sourceTree = "<group>"; };
		58AF49961E3FFD1000A6AADC /* Info.plist */ = {isa = PBXFileReference; lastKnownFileType = text.plist.xml; path = Info.plist; sourceTree = "<group>"; };
		58AF499C1E3FFD8700A6AADC /* 1.jpg */ = {isa = PBXFileReference; lastKnownFileType = image.jpeg; path = 1.jpg; sourceTree = "<group>"; };
		58AF499D1E3FFD8700A6AADC /* 2.jpg */ = {isa = PBXFileReference; lastKnownFileType = image.jpeg; path = 2.jpg; sourceTree = "<group>"; };
		58AF499E1E3FFD8700A6AADC /* 3.png */ = {isa = PBXFileReference; lastKnownFileType = image.png; path = 3.png; sourceTree = "<group>"; };
/* End PBXFileReference section */

/* Begin PBXFrameworksBuildPhase section */
		58AF49841E3FFD1000A6AADC /* Frameworks */ = {
			isa = PBXFrameworksBuildPhase;
			buildActionMask = 2147483647;
			files = (
			);
			runOnlyForDeploymentPostprocessing = 0;
		};
/* End PBXFrameworksBuildPhase section */

/* Begin PBXGroup section */
		58AF497E1E3FFD1000A6AADC = {
			isa = PBXGroup;
			children = (
				58AF49891E3FFD1000A6AADC /* 01_imageViewProgrammatically */,
				58AF49881E3FFD1000A6AADC /* Products */,
			);
			sourceTree = "<group>";
		};
		58AF49881E3FFD1000A6AADC /* Products */ = {
			isa = PBXGroup;
			children = (
				58AF49871E3FFD1000A6AADC /* 01_imageViewProgrammatically.app */,
			);
			name = Products;
			sourceTree = "<group>";
		};
		58AF49891E3FFD1000A6AADC /* 01_imageViewProgrammatically */ = {
			isa = PBXGroup;
			children = (
				58AF499C1E3FFD8700A6AADC /* 1.jpg */,
				58AF499D1E3FFD8700A6AADC /* 2.jpg */,
				58AF499E1E3FFD8700A6AADC /* 3.png */,
				58AF498A1E3FFD1000A6AADC /* AppDelegate.swift */,
				58AF498C1E3FFD1000A6AADC /* ViewController.swift */,
				58AF498E1E3FFD1000A6AADC /* Main.storyboard */,
				58AF49911E3FFD1000A6AADC /* Assets.xcassets */,
				58AF49931E3FFD1000A6AADC /* LaunchScreen.storyboard */,
				58AF49961E3FFD1000A6AADC /* Info.plist */,
			);
			path = 01_imageViewProgrammatically;
			sourceTree = "<group>";
		};
/* End PBXGroup section */

/* Begin PBXNativeTarget section */
		58AF49861E3FFD1000A6AADC /* 01_imageViewProgrammatically */ = {
			isa = PBXNativeTarget;
			buildConfigurationList = 58AF49991E3FFD1000A6AADC /* Build configuration list for PBXNativeTarget "01_imageViewProgrammatically" */;
			buildPhases = (
				58AF49831E3FFD1000A6AADC /* Sources */,
				58AF49841E3FFD1000A6AADC /* Frameworks */,
				58AF49851E3FFD1000A6AADC /* Resources */,
			);
			buildRules = (
			);
			dependencies = (
			);
			name = 01_imageViewProgrammatically;
			productName = 01_imageViewProgrammatically;
			productReference = 58AF49871E3FFD1000A6AADC /* 01_imageViewProgrammatically.app */;
			productType = "com.apple.product-type.application";
		};
/* End PBXNativeTarget section */

/* Begin PBXProject section */
		58AF497F1E3FFD1000A6AADC /* Project object */ = {
			isa = PBXProject;
			attributes = {
				LastSwiftUpdateCheck = 0820;
				LastUpgradeCheck = 0820;
				ORGANIZATIONNAME = CWJ;
				TargetAttributes = {
					58AF49861E3FFD1000A6AADC = {
						CreatedOnToolsVersion = 8.2.1;
						DevelopmentTeam = W66XK9FLV2;
						ProvisioningStyle = Automatic;
					};
				};
			};
			buildConfigurationList = 58AF49821E3FFD1000A6AADC /* Build configuration list for PBXProject "01_imageViewProgrammatically" */;
			compatibilityVersion = "Xcode 3.2";
			developmentRegion = English;
			hasScannedForEncodings = 0;
			knownRegions = (
				en,
				Base,
			);
			mainGroup = 58AF497E1E3FFD1000A6AADC;
			productRefGroup = 58AF49881E3FFD1000A6AADC /* Products */;
			projectDirPath = "";
			projectRoot = "";
			targets = (
				58AF49861E3FFD1000A6AADC /* 01_imageViewProgrammatically */,
			);
		};
/* End PBXProject section */

/* Begin PBXResourcesBuildPhase section */
		58AF49851E3FFD1000A6AADC /* Resources */ = {
			isa = PBXResourcesBuildPhase;
			buildActionMask = 2147483647;
			files = (
				58AF49951E3FFD1000A6AADC /* LaunchScreen.storyboard in Resources */,
				58AF499F1E3FFD8700A6AADC /* 1.jpg in Resources */,
				58AF49A01E3FFD8700A6AADC /* 2.jpg in Resources */,
				58AF49A11E3FFD8700A6AADC /* 3.png in Resources */,
				58AF49921E3FFD1000A6AADC /* Assets.xcassets in Resources */,
				58AF49901E3FFD1000A6AADC /* Main.storyboard in Resources */,
			);
			runOnlyForDeploymentPostprocessing = 0;
		};
/* End PBXResourcesBuildPhase section */

/* Begin PBXSourcesBuildPhase section */
		58AF49831E3FFD1000A6AADC /* Sources */ = {
			isa = PBXSourcesBuildPhase;
			buildActionMask = 2147483647;
			files = (
				58AF498D1E3FFD1000A6AADC /* ViewController.swift in Sources */,
				58AF498B1E3FFD1000A6AADC /* AppDelegate.swift in Sources */,
			);
			runOnlyForDeploymentPostprocessing = 0;
		};
/* End PBXSourcesBuildPhase section */

/* Begin PBXVariantGroup section */
		58AF498E1E3FFD1000A6AADC /* Main.storyboard */ = {
			isa = PBXVariantGroup;
			children = (
				58AF498F1E3FFD1000A6AADC /* Base */,
			);
			name = Main.storyboard;
			sourceTree = "<group>";
		};
		58AF49931E3FFD1000A6AADC /* LaunchScreen.storyboard */ = {
			isa = PBXVariantGroup;
			children = (
				58AF49941E3FFD1000A6AADC /* Base */,
			);
			name = LaunchScreen.storyboard;
			sourceTree = "<group>";
		};
/* End PBXVariantGroup section */

/* Begin XCBuildConfiguration section */
		58AF49971E3FFD1000A6AADC /* Debug */ = {
			isa = XCBuildConfiguration;
			buildSettings = {
				ALWAYS_SEARCH_USER_PATHS = NO;
				CLANG_ANALYZER_NONNULL = YES;
				CLANG_CXX_LANGUAGE_STANDARD = "gnu++0x";
				CLANG_CXX_LIBRARY = "libc++";
				CLANG_ENABLE_MODULES = YES;
				CLANG_ENABLE_OBJC_ARC = YES;
				CLANG_WARN_BOOL_CONVERSION = YES;
				CLANG_WARN_CONSTANT_CONVERSION = YES;
				CLANG_WARN_DIRECT_OBJC_ISA_USAGE = YES_ERROR;
				CLANG_WARN_DOCUMENTATION_COMMENTS = YES;
				CLANG_WARN_EMPTY_BODY = YES;
				CLANG_WARN_ENUM_CONVERSION = YES;
				CLANG_WARN_INFINITE_RECURSION = YES;
				CLANG_WARN_INT_CONVERSION = YES;
				CLANG_WARN_OBJC_ROOT_CLASS = YES_ERROR;
				CLANG_WARN_SUSPICIOUS_MOVE = YES;
				CLANG_WARN_UNREACHABLE_CODE = YES;
				CLANG_WARN__DUPLICATE_METHOD_MATCH = YES;
				"CODE_SIGN_IDENTITY[sdk=iphoneos*]" = "iPhone Developer";
				COPY_PHASE_STRIP = NO;
				DEBUG_INFORMATION_FORMAT = dwarf;
				ENABLE_STRICT_OBJC_MSGSEND = YES;
				ENABLE_TESTABILITY = YES;
				GCC_C_LANGUAGE_STANDARD = gnu99;
				GCC_DYNAMIC_NO_PIC = NO;
				GCC_NO_COMMON_BLOCKS = YES;
				GCC_OPTIMIZATION_LEVEL = 0;
				GCC_PREPROCESSOR_DEFINITIONS = (
					"DEBUG=1",
					"$(inherited)",
				);
				GCC_WARN_64_TO_32_BIT_CONVERSION = YES;
				GCC_WARN_ABOUT_RETURN_TYPE = YES_ERROR;
				GCC_WARN_UNDECLARED_SELECTOR = YES;
				GCC_WARN_UNINITIALIZED_AUTOS = YES_AGGRESSIVE;
				GCC_WARN_UNUSED_FUNCTION = YES;
				GCC_WARN_UNUSED_VARIABLE = YES;
				IPHONEOS_DEPLOYMENT_TARGET = 10.2;
				MTL_ENABLE_DEBUG_INFO = YES;
				ONLY_ACTIVE_ARCH = YES;
				SDKROOT = iphoneos;
				SWIFT_ACTIVE_COMPILATION_CONDITIONS = DEBUG;
				SWIFT_OPTIMIZATION_LEVEL = "-Onone";
			};
			name = Debug;
		};
		58AF49981E3FFD1000A6AADC /* Release */ = {
			isa = XCBuildConfiguration;
			buildSettings = {
				ALWAYS_SEARCH_USER_PATHS = NO;
				CLANG_ANALYZER_NONNULL = YES;
				CLANG_CXX_LANGUAGE_STANDARD = "gnu++0x";
				CLANG_CXX_LIBRARY = "libc++";
				CLANG_ENABLE_MODULES = YES;
				CLANG_ENABLE_OBJC_ARC = YES;
				CLANG_WARN_BOOL_CONVERSION = YES;
				CLANG_WARN_CONSTANT_CONVERSION = YES;
				CLANG_WARN_DIRECT_OBJC_ISA_USAGE = YES_ERROR;
				CLANG_WARN_DOCUMENTATION_COMMENTS = YES;
				CLANG_WARN_EMPTY_BODY = YES;
				CLANG_WARN_ENUM_CONVERSION = YES;
				CLANG_WARN_INFINITE_RECURSION = YES;
				CLANG_WARN_INT_CONVERSION = YES;
				CLANG_WARN_OBJC_ROOT_CLASS = YES_ERROR;
				CLANG_WARN_SUSPICIOUS_MOVE = YES;
				CLANG_WARN_UNREACHABLE_CODE = YES;
				CLANG_WARN__DUPLICATE_METHOD_MATCH = YES;
				"CODE_SIGN_IDENTITY[sdk=iphoneos*]" = "iPhone Developer";
				COPY_PHASE_STRIP = NO;
				DEBUG_INFORMATION_FORMAT = "dwarf-with-dsym";
				ENABLE_NS_ASSERTIONS = NO;
				ENABLE_STRICT_OBJC_MSGSEND = YES;
				GCC_C_LANGUAGE_STANDARD = gnu99;
				GCC_NO_COMMON_BLOCKS = YES;
				GCC_WARN_64_TO_32_BIT_CONVERSION = YES;
				GCC_WARN_ABOUT_RETURN_TYPE = YES_ERROR;
				GCC_WARN_UNDECLARED_SELECTOR = YES;
				GCC_WARN_UNINITIALIZED_AUTOS = YES_AGGRESSIVE;
				GCC_WARN_UNUSED_FUNCTION = YES;
				GCC_WARN_UNUSED_VARIABLE = YES;
				IPHONEOS_DEPLOYMENT_TARGET = 10.2;
				MTL_ENABLE_DEBUG_INFO = NO;
				SDKROOT = iphoneos;
				SWIFT_OPTIMIZATION_LEVEL = "-Owholemodule";
				VALIDATE_PRODUCT = YES;
			};
			name = Release;
		};
		58AF499A1E3FFD1000A6AADC /* Debug */ = {
			isa = XCBuildConfiguration;
			buildSettings = {
				ASSETCATALOG_COMPILER_APPICON_NAME = AppIcon;
				DEVELOPMENT_TEAM = W66XK9FLV2;
				INFOPLIST_FILE = 01_imageViewProgrammatically/Info.plist;
				LD_RUNPATH_SEARCH_PATHS = "$(inherited) @executable_path/Frameworks";
				PRODUCT_BUNDLE_IDENTIFIER = "com.codewithjallohDev.-1-imageViewProgrammatically";
				PRODUCT_NAME = "$(TARGET_NAME)";
				SWIFT_VERSION = 3.0;
			};
			name = Debug;
		};
		58AF499B1E3FFD1000A6AADC /* Release */ = {
			isa = XCBuildConfiguration;
			buildSettings = {
				ASSETCATALOG_COMPILER_APPICON_NAME = AppIcon;
				DEVELOPMENT_TEAM = W66XK9FLV2;
				INFOPLIST_FILE = 01_imageViewProgrammatically/Info.plist;
				LD_RUNPATH_SEARCH_PATHS = "$(inherited) @executable_path/Frameworks";
				PRODUCT_BUNDLE_IDENTIFIER = "com.codewithjallohDev.-1-imageViewProgrammatically";
				PRODUCT_NAME = "$(TARGET_NAME)";
				SWIFT_VERSION = 3.0;
			};
			name = Release;
		};
/* End XCBuildConfiguration section */

/* Begin XCConfigurationList section */
		58AF49821E3FFD1000A6AADC /* Build configuration list for PBXProject "01_imageViewProgrammatically" */ = {
			isa = XCConfigurationList;
			buildConfigurations = (
				58AF49971E3FFD1000A6AADC /* Debug */,
				58AF49981E3FFD1000A6AADC /* Release */,
			);
			defaultConfigurationIsVisible = 0;
			defaultConfigurationName = Release;
		};
		58AF49991E3FFD1000A6AADC /* Build configuration list for PBXNativeTarget "01_imageViewProgrammatically" */ = {
			isa = XCConfigurationList;
			buildConfigurations = (
				58AF499A1E3FFD1000A6AADC /* Debug */,
				58AF499B1E3FFD1000A6AADC /* Release */,
			);
			defaultConfigurationIsVisible = 0;
		};
/* End XCConfigurationList section */
	};
	rootObject = 58AF497F1E3FFD1000A6AADC /* Project object */;
}
